
Microsoft Visual Studio Solution File, Format Version 12.00
# Visual Studio Version 17
VisualStudioVersion = 17.5.33424.131
MinimumVisualStudioVersion = 10.0.40219.1
Project("{FAE04EC0-301F-11D3-BF4B-00C04F79EFBC}") = "DatingApp", "DatingApp\DatingApp.csproj", "{5FDEEEBF-2945-4E7B-A0F6-54538CBB3A6B}"
EndProject
Global
	GlobalSection(SolutionConfigurationPlatforms) = preSolution
		Debug|Any CPU = Debug|Any CPU
		Release|Any CPU = Release|Any CPU
	EndGlobalSection
	GlobalSection(ProjectConfigurationPlatforms) = postSolution
		{5FDEEEBF-2945-4E7B-A0F6-54538CBB3A6B}.Debug|Any CPU.ActiveCfg = Debug|Any CPU
		{5FDEEEBF-2945-4E7B-A0F6-54538CBB3A6B}.Debug|Any CPU.Build.0 = Debug|Any CPU
		{5FDEEEBF-2945-4E7B-A0F6-54538CBB3A6B}.Release|Any CPU.ActiveCfg = Release|Any CPU
		{5FDEEEBF-2945-4E7B-A0F6-54538CBB3A6B}.Release|Any CPU.Build.0 = Release|Any CPU
	EndGlobalSection
	GlobalSection(SolutionProperties) = preSolution
		HideSolutionNode = FALSE
	EndGlobalSection
	GlobalSection(ExtensibilityGlobals) = postSolution
		SolutionGuid = {3EF62EF4-A1D0-4126-9E5D-8A555ACF94F3}
	EndGlobalSection
EndGlobal
